
Microsoft Visual Studio Solution File, Format Version 12.00
# Visual Studio Version 16
VisualStudioVersion = 16.0.30517.126
MinimumVisualStudioVersion = 10.0.40219.1
Project("{FAE04EC0-301F-11D3-BF4B-00C04F79EFBC}") = "WebApiAspCore", "WebApiAspCore\WebApiAspCore.csproj", "{D284278D-D532-435A-8CC2-56C703FC3D67}"
EndProject
Global
	GlobalSection(SolutionConfigurationPlatforms) = preSolution
		Debug|Any CPU = Debug|Any CPU
		Release|Any CPU = Release|Any CPU
	EndGlobalSection
	GlobalSection(ProjectConfigurationPlatforms) = postSolution
		{D284278D-D532-435A-8CC2-56C703FC3D67}.Debug|Any CPU.ActiveCfg = Debug|Any CPU
		{D284278D-D532-435A-8CC2-56C703FC3D67}.Debug|Any CPU.Build.0 = Debug|Any CPU
		{D284278D-D532-435A-8CC2-56C703FC3D67}.Release|Any CPU.ActiveCfg = Release|Any CPU
		{D284278D-D532-435A-8CC2-56C703FC3D67}.Release|Any CPU.Build.0 = Release|Any CPU
	EndGlobalSection
	GlobalSection(SolutionProperties) = preSolution
		HideSolutionNode = FALSE
	EndGlobalSection
	GlobalSection(ExtensibilityGlobals) = postSolution
		SolutionGuid = {FBDE4570-DDE7-4F81-828E-F695E077BB90}
	EndGlobalSection
EndGlobal
